// !$*UTF8*$!
{
	archiveVersion = 1;
	classes = {
	};
	objectVersion = 51;
	objects = {

/* Begin PBXBuildFile section */
		4B1092D72428C4D800AB9104 /* AppDelegate.swift in Sources */ = {isa = PBXBuildFile; fileRef = 4B1092D62428C4D800AB9104 /* AppDelegate.swift */; };
		4B1092D92428C4D800AB9104 /* SceneDelegate.swift in Sources */ = {isa = PBXBuildFile; fileRef = 4B1092D82428C4D800AB9104 /* SceneDelegate.swift */; };
		4B1092DE2428C4D800AB9104 /* Main.storyboard in Resources */ = {isa = PBXBuildFile; fileRef = 4B1092DC2428C4D800AB9104 /* Main.storyboard */; };
		4B1092E02428C4D900AB9104 /* Assets.xcassets in Resources */ = {isa = PBXBuildFile; fileRef = 4B1092DF2428C4D900AB9104 /* Assets.xcassets */; };
		4B1092E32428C4D900AB9104 /* LaunchScreen.storyboard in Resources */ = {isa = PBXBuildFile; fileRef = 4B1092E12428C4D900AB9104 /* LaunchScreen.storyboard */; };
		4B1092EB2428C5C500AB9104 /* LoginViewController.swift in Sources */ = {isa = PBXBuildFile; fileRef = 4B1092EA2428C5C500AB9104 /* LoginViewController.swift */; };
		4B1092ED2428C5D300AB9104 /* HomeViewController.swift in Sources */ = {isa = PBXBuildFile; fileRef = 4B1092EC2428C5D300AB9104 /* HomeViewController.swift */; };
		4B1092EF2428C5EB00AB9104 /* ImageSelectViewController.swift in Sources */ = {isa = PBXBuildFile; fileRef = 4B1092EE2428C5EB00AB9104 /* ImageSelectViewController.swift */; };
		4B1092F12428C60200AB9104 /* PostViewController.swift in Sources */ = {isa = PBXBuildFile; fileRef = 4B1092F02428C60200AB9104 /* PostViewController.swift */; };
		4B1092F32428C61300AB9104 /* SettingViewController.swift in Sources */ = {isa = PBXBuildFile; fileRef = 4B1092F22428C61300AB9104 /* SettingViewController.swift */; };
		4B1092F72428CA4800AB9104 /* TabBarController.swift in Sources */ = {isa = PBXBuildFile; fileRef = 4B1092F62428CA4800AB9104 /* TabBarController.swift */; };
		4B1092F92428CDAB00AB9104 /* GoogleService-Info.plist in Resources */ = {isa = PBXBuildFile; fileRef = 4B1092F82428CDAB00AB9104 /* GoogleService-Info.plist */; };
		4B4A8FF7242F6A8500E16266 /* PostData.swift in Sources */ = {isa = PBXBuildFile; fileRef = 4B4A8FF6242F6A8500E16266 /* PostData.swift */; };
		4B4A8FFA242F6E2B00E16266 /* PostTableViewCell.swift in Sources */ = {isa = PBXBuildFile; fileRef = 4B4A8FF8242F6E2B00E16266 /* PostTableViewCell.swift */; };
		4B4A8FFB242F6E2B00E16266 /* PostTableViewCell.xib in Resources */ = {isa = PBXBuildFile; fileRef = 4B4A8FF9242F6E2B00E16266 /* PostTableViewCell.xib */; };
		4B7692652437113700EF4E79 /* ComentViewController.swift in Sources */ = {isa = PBXBuildFile; fileRef = 4B7692642437113700EF4E79 /* ComentViewController.swift */; };
		4BA209E2242CDF6C00DAA28A /* Const.swift in Sources */ = {isa = PBXBuildFile; fileRef = 4BA209E1242CDF6C00DAA28A /* Const.swift */; };
		7539671F2B82B68CF8F5ADBB /* Pods_Instagram.framework in Frameworks */ = {isa = PBXBuildFile; fileRef = 8E24602DDEE191BF5EC668A7 /* Pods_Instagram.framework */; };
/* End PBXBuildFile section */

/* Begin PBXFileReference section */
		4B1092D32428C4D800AB9104 /* Instagram.app */ = {isa = PBXFileReference; explicitFileType = wrapper.application; includeInIndex = 0; path = Instagram.app; sourceTree = BUILT_PRODUCTS_DIR; };
		4B1092D62428C4D800AB9104 /* AppDelegate.swift */ = {isa = PBXFileReference; lastKnownFileType = sourcecode.swift; path = AppDelegate.swift; sourceTree = "<group>"; };
		4B1092D82428C4D800AB9104 /* SceneDelegate.swift */ = {isa = PBXFileReference; lastKnownFileType = sourcecode.swift; path = SceneDelegate.swift; sourceTree = "<group>"; };
		4B1092DD2428C4D800AB9104 /* Base */ = {isa = PBXFileReference; lastKnownFileType = file.storyboard; name = Base; path = Base.lproj/Main.storyboard; sourceTree = "<group>"; };
		4B1092DF2428C4D900AB9104 /* Assets.xcassets */ = {isa = PBXFileReference; lastKnownFileType = folder.assetcatalog; path = Assets.xcassets; sourceTree = "<group>"; };
		4B1092E22428C4D900AB9104 /* Base */ = {isa = PBXFileReference; lastKnownFileType = file.storyboard; name = Base; path = Base.lproj/LaunchScreen.storyboard; sourceTree = "<group>"; };
		4B1092E42428C4D900AB9104 /* Info.plist */ = {isa = PBXFileReference; lastKnownFileType = text.plist.xml; path = Info.plist; sourceTree = "<group>"; };
		4B1092EA2428C5C500AB9104 /* LoginViewController.swift */ = {isa = PBXFileReference; lastKnownFileType = sourcecode.swift; path = LoginViewController.swift; sourceTree = "<group>"; };
		4B1092EC2428C5D300AB9104 /* HomeViewController.swift */ = {isa = PBXFileReference; lastKnownFileType = sourcecode.swift; path = HomeViewController.swift; sourceTree = "<group>"; };
		4B1092EE2428C5EB00AB9104 /* ImageSelectViewController.swift */ = {isa = PBXFileReference; lastKnownFileType = sourcecode.swift; path = ImageSelectViewController.swift; sourceTree = "<group>"; };
		4B1092F02428C60200AB9104 /* PostViewController.swift */ = {isa = PBXFileReference; lastKnownFileType = sourcecode.swift; path = PostViewController.swift; sourceTree = "<group>"; };
		4B1092F22428C61300AB9104 /* SettingViewController.swift */ = {isa = PBXFileReference; lastKnownFileType = sourcecode.swift; path = SettingViewController.swift; sourceTree = "<group>"; };
		4B1092F62428CA4800AB9104 /* TabBarController.swift */ = {isa = PBXFileReference; lastKnownFileType = sourcecode.swift; path = TabBarController.swift; sourceTree = "<group>"; };
		4B1092F82428CDAB00AB9104 /* GoogleService-Info.plist */ = {isa = PBXFileReference; fileEncoding = 4; lastKnownFileType = text.plist.xml; path = "GoogleService-Info.plist"; sourceTree = "<group>"; };
		4B4A8FF6242F6A8500E16266 /* PostData.swift */ = {isa = PBXFileReference; lastKnownFileType = sourcecode.swift; path = PostData.swift; sourceTree = "<group>"; };
		4B4A8FF8242F6E2B00E16266 /* PostTableViewCell.swift */ = {isa = PBXFileReference; lastKnownFileType = sourcecode.swift; path = PostTableViewCell.swift; sourceTree = "<group>"; };
		4B4A8FF9242F6E2B00E16266 /* PostTableViewCell.xib */ = {isa = PBXFileReference; lastKnownFileType = file.xib; path = PostTableViewCell.xib; sourceTree = "<group>"; };
		4B7692642437113700EF4E79 /* ComentViewController.swift */ = {isa = PBXFileReference; lastKnownFileType = sourcecode.swift; path = ComentViewController.swift; sourceTree = "<group>"; };
		4BA209E1242CDF6C00DAA28A /* Const.swift */ = {isa = PBXFileReference; lastKnownFileType = sourcecode.swift; path = Const.swift; sourceTree = "<group>"; };
		52647810B1E05087142C524D /* Pods-Instagram.release.xcconfig */ = {isa = PBXFileReference; includeInIndex = 1; lastKnownFileType = text.xcconfig; name = "Pods-Instagram.release.xcconfig"; path = "Target Support Files/Pods-Instagram/Pods-Instagram.release.xcconfig"; sourceTree = "<group>"; };
		8E24602DDEE191BF5EC668A7 /* Pods_Instagram.framework */ = {isa = PBXFileReference; explicitFileType = wrapper.framework; includeInIndex = 0; path = Pods_Instagram.framework; sourceTree = BUILT_PRODUCTS_DIR; };
		D8B9A60F6561A504C5A6331A /* Pods-Instagram.debug.xcconfig */ = {isa = PBXFileReference; includeInIndex = 1; lastKnownFileType = text.xcconfig; name = "Pods-Instagram.debug.xcconfig"; path = "Target Support Files/Pods-Instagram/Pods-Instagram.debug.xcconfig"; sourceTree = "<group>"; };
/* End PBXFileReference section */

/* Begin PBXFrameworksBuildPhase section */
		4B1092D02428C4D800AB9104 /* Frameworks */ = {
			isa = PBXFrameworksBuildPhase;
			buildActionMask = 2147483647;
			files = (
				7539671F2B82B68CF8F5ADBB /* Pods_Instagram.framework in Frameworks */,
			);
			runOnlyForDeploymentPostprocessing = 0;
		};
/* End PBXFrameworksBuildPhase section */

/* Begin PBXGroup section */
		4B1092CA2428C4D800AB9104 = {
			isa = PBXGroup;
			children = (
				4B1092D52428C4D800AB9104 /* Instagram */,
				4B1092D42428C4D800AB9104 /* Products */,
				93A77EB01E0C7EC3A21EB4E4 /* Pods */,
				5BA883418822E9EF8B5A2298 /* Frameworks */,
			);
			sourceTree = "<group>";
		};
		4B1092D42428C4D800AB9104 /* Products */ = {
			isa = PBXGroup;
			children = (
				4B1092D32428C4D800AB9104 /* Instagram.app */,
			);
			name = Products;
			sourceTree = "<group>";
		};
		4B1092D52428C4D800AB9104 /* Instagram */ = {
			isa = PBXGroup;
			children = (
				4B1092D62428C4D800AB9104 /* AppDelegate.swift */,
				4B1092D82428C4D800AB9104 /* SceneDelegate.swift */,
				4B1092EA2428C5C500AB9104 /* LoginViewController.swift */,
				4B1092EC2428C5D300AB9104 /* HomeViewController.swift */,
				4B1092EE2428C5EB00AB9104 /* ImageSelectViewController.swift */,
				4B1092F02428C60200AB9104 /* PostViewController.swift */,
				4B1092F22428C61300AB9104 /* SettingViewController.swift */,
				4B1092F62428CA4800AB9104 /* TabBarController.swift */,
				4B7692642437113700EF4E79 /* ComentViewController.swift */,
				4BA209E1242CDF6C00DAA28A /* Const.swift */,
				4B4A8FF6242F6A8500E16266 /* PostData.swift */,
				4B4A8FF8242F6E2B00E16266 /* PostTableViewCell.swift */,
				4B4A8FF9242F6E2B00E16266 /* PostTableViewCell.xib */,
				4B1092DC2428C4D800AB9104 /* Main.storyboard */,
				4B1092DF2428C4D900AB9104 /* Assets.xcassets */,
				4B1092E12428C4D900AB9104 /* LaunchScreen.storyboard */,
				4B1092E42428C4D900AB9104 /* Info.plist */,
				4B1092F82428CDAB00AB9104 /* GoogleService-Info.plist */,
			);
			path = Instagram;
			sourceTree = "<group>";
		};
		5BA883418822E9EF8B5A2298 /* Frameworks */ = {
			isa = PBXGroup;
			children = (
				8E24602DDEE191BF5EC668A7 /* Pods_Instagram.framework */,
			);
			name = Frameworks;
			sourceTree = "<group>";
		};
		93A77EB01E0C7EC3A21EB4E4 /* Pods */ = {
			isa = PBXGroup;
			children = (
				D8B9A60F6561A504C5A6331A /* Pods-Instagram.debug.xcconfig */,
				52647810B1E05087142C524D /* Pods-Instagram.release.xcconfig */,
			);
			path = Pods;
			sourceTree = "<group>";
		};
/* End PBXGroup section */

/* Begin PBXNativeTarget section */
		4B1092D22428C4D800AB9104 /* Instagram */ = {
			isa = PBXNativeTarget;
			buildConfigurationList = 4B1092E72428C4D900AB9104 /* Build configuration list for PBXNativeTarget "Instagram" */;
			buildPhases = (
				27B8A2C004763B9BF5E9BDC8 /* [CP] Check Pods Manifest.lock */,
				4B1092CF2428C4D800AB9104 /* Sources */,
				4B1092D02428C4D800AB9104 /* Frameworks */,
				4B1092D12428C4D800AB9104 /* Resources */,
				E6BEAEF93A7E20D7131459A0 /* [CP] Embed Pods Frameworks */,
			);
			buildRules = (
			);
			dependencies = (
			);
			name = Instagram;
			productName = Instagram;
			productReference = 4B1092D32428C4D800AB9104 /* Instagram.app */;
			productType = "com.apple.product-type.application";
		};
/* End PBXNativeTarget section */

/* Begin PBXProject section */
		4B1092CB2428C4D800AB9104 /* Project object */ = {
			isa = PBXProject;
			attributes = {
				LastSwiftUpdateCheck = 1110;
				LastUpgradeCheck = 1110;
				ORGANIZATIONNAME = saifa.libra;
				TargetAttributes = {
					4B1092D22428C4D800AB9104 = {
						CreatedOnToolsVersion = 11.1;
					};
				};
			};
			buildConfigurationList = 4B1092CE2428C4D800AB9104 /* Build configuration list for PBXProject "Instagram" */;
			compatibilityVersion = "Xcode 9.3";
			developmentRegion = en;
			hasScannedForEncodings = 0;
			knownRegions = (
				en,
				Base,
			);
			mainGroup = 4B1092CA2428C4D800AB9104;
			productRefGroup = 4B1092D42428C4D800AB9104 /* Products */;
			projectDirPath = "";
			projectRoot = "";
			targets = (
				4B1092D22428C4D800AB9104 /* Instagram */,
			);
		};
/* End PBXProject section */

/* Begin PBXResourcesBuildPhase section */
		4B1092D12428C4D800AB9104 /* Resources */ = {
			isa = PBXResourcesBuildPhase;
			buildActionMask = 2147483647;
			files = (
				4B1092F92428CDAB00AB9104 /* GoogleService-Info.plist in Resources */,
				4B4A8FFB242F6E2B00E16266 /* PostTableViewCell.xib in Resources */,
				4B1092E32428C4D900AB9104 /* LaunchScreen.storyboard in Resources */,
				4B1092E02428C4D900AB9104 /* Assets.xcassets in Resources */,
				4B1092DE2428C4D800AB9104 /* Main.storyboard in Resources */,
			);
			runOnlyForDeploymentPostprocessing = 0;
		};
/* End PBXResourcesBuildPhase section */

/* Begin PBXShellScriptBuildPhase section */
		27B8A2C004763B9BF5E9BDC8 /* [CP] Check Pods Manifest.lock */ = {
			isa = PBXShellScriptBuildPhase;
			buildActionMask = 2147483647;
			files = (
			);
			inputFileListPaths = (
			);
			inputPaths = (
				"${PODS_PODFILE_DIR_PATH}/Podfile.lock",
				"${PODS_ROOT}/Manifest.lock",
			);
			name = "[CP] Check Pods Manifest.lock";
			outputFileListPaths = (
			);
			outputPaths = (
				"$(DERIVED_FILE_DIR)/Pods-Instagram-checkManifestLockResult.txt",
			);
			runOnlyForDeploymentPostprocessing = 0;
			shellPath = /bin/sh;
			shellScript = "diff \"${PODS_PODFILE_DIR_PATH}/Podfile.lock\" \"${PODS_ROOT}/Manifest.lock\" > /dev/null\nif [ $? != 0 ] ; then\n    # print error to STDERR\n    echo \"error: The sandbox is not in sync with the Podfile.lock. Run 'pod install' or update your CocoaPods installation.\" >&2\n    exit 1\nfi\n# This output is used by Xcode 'outputs' to avoid re-running this script phase.\necho \"SUCCESS\" > \"${SCRIPT_OUTPUT_FILE_0}\"\n";
			showEnvVarsInLog = 0;
		};
		E6BEAEF93A7E20D7131459A0 /* [CP] Embed Pods Frameworks */ = {
			isa = PBXShellScriptBuildPhase;
			buildActionMask = 2147483647;
			files = (
			);
			inputFileListPaths = (
				"${PODS_ROOT}/Target Support Files/Pods-Instagram/Pods-Instagram-frameworks-${CONFIGURATION}-input-files.xcfilelist",
			);
			name = "[CP] Embed Pods Frameworks";
			outputFileListPaths = (
				"${PODS_ROOT}/Target Support Files/Pods-Instagram/Pods-Instagram-frameworks-${CONFIGURATION}-output-files.xcfilelist",
			);
			runOnlyForDeploymentPostprocessing = 0;
			shellPath = /bin/sh;
			shellScript = "\"${PODS_ROOT}/Target Support Files/Pods-Instagram/Pods-Instagram-frameworks.sh\"\n";
			showEnvVarsInLog = 0;
		};
/* End PBXShellScriptBuildPhase section */

/* Begin PBXSourcesBuildPhase section */
		4B1092CF2428C4D800AB9104 /* Sources */ = {
			isa = PBXSourcesBuildPhase;
			buildActionMask = 2147483647;
			files = (
				4B4A8FFA242F6E2B00E16266 /* PostTableViewCell.swift in Sources */,
				4B1092EF2428C5EB00AB9104 /* ImageSelectViewController.swift in Sources */,
				4B7692652437113700EF4E79 /* ComentViewController.swift in Sources */,
				4B1092F72428CA4800AB9104 /* TabBarController.swift in Sources */,
				4B1092ED2428C5D300AB9104 /* HomeViewController.swift in Sources */,
				4B1092F12428C60200AB9104 /* PostViewController.swift in Sources */,
				4B1092F32428C61300AB9104 /* SettingViewController.swift in Sources */,
				4B4A8FF7242F6A8500E16266 /* PostData.swift in Sources */,
				4B1092EB2428C5C500AB9104 /* LoginViewController.swift in Sources */,
				4B1092D72428C4D800AB9104 /* AppDelegate.swift in Sources */,
				4B1092D92428C4D800AB9104 /* SceneDelegate.swift in Sources */,
				4BA209E2242CDF6C00DAA28A /* Const.swift in Sources */,
			);
			runOnlyForDeploymentPostprocessing = 0;
		};
/* End PBXSourcesBuildPhase section */

/* Begin PBXVariantGroup section */
		4B1092DC2428C4D800AB9104 /* Main.storyboard */ = {
			isa = PBXVariantGroup;
			children = (
				4B1092DD2428C4D800AB9104 /* Base */,
			);
			name = Main.storyboard;
			sourceTree = "<group>";
		};
		4B1092E12428C4D900AB9104 /* LaunchScreen.storyboard */ = {
			isa = PBXVariantGroup;
			children = (
				4B1092E22428C4D900AB9104 /* Base */,
			);
			name = LaunchScreen.storyboard;
			sourceTree = "<group>";
		};
/* End PBXVariantGroup section */

/* Begin XCBuildConfiguration section */
		4B1092E52428C4D900AB9104 /* Debug */ = {
			isa = XCBuildConfiguration;
			buildSettings = {
				ALWAYS_SEARCH_USER_PATHS = NO;
				CLANG_ANALYZER_NONNULL = YES;
				CLANG_ANALYZER_NUMBER_OBJECT_CONVERSION = YES_AGGRESSIVE;
				CLANG_CXX_LANGUAGE_STANDARD = "gnu++14";
				CLANG_CXX_LIBRARY = "libc++";
				CLANG_ENABLE_MODULES = YES;
				CLANG_ENABLE_OBJC_ARC = YES;
				CLANG_ENABLE_OBJC_WEAK = YES;
				CLANG_WARN_BLOCK_CAPTURE_AUTORELEASING = YES;
				CLANG_WARN_BOOL_CONVERSION = YES;
				CLANG_WARN_COMMA = YES;
				CLANG_WARN_CONSTANT_CONVERSION = YES;
				CLANG_WARN_DEPRECATED_OBJC_IMPLEMENTATIONS = YES;
				CLANG_WARN_DIRECT_OBJC_ISA_USAGE = YES_ERROR;
				CLANG_WARN_DOCUMENTATION_COMMENTS = YES;
				CLANG_WARN_EMPTY_BODY = YES;
				CLANG_WARN_ENUM_CONVERSION = YES;
				CLANG_WARN_INFINITE_RECURSION = YES;
				CLANG_WARN_INT_CONVERSION = YES;
				CLANG_WARN_NON_LITERAL_NULL_CONVERSION = YES;
				CLANG_WARN_OBJC_IMPLICIT_RETAIN_SELF = YES;
				CLANG_WARN_OBJC_LITERAL_CONVERSION = YES;
				CLANG_WARN_OBJC_ROOT_CLASS = YES_ERROR;
				CLANG_WARN_RANGE_LOOP_ANALYSIS = YES;
				CLANG_WARN_STRICT_PROTOTYPES = YES;
				CLANG_WARN_SUSPICIOUS_MOVE = YES;
				CLANG_WARN_UNGUARDED_AVAILABILITY = YES_AGGRESSIVE;
				CLANG_WARN_UNREACHABLE_CODE = YES;
				CLANG_WARN__DUPLICATE_METHOD_MATCH = YES;
				COPY_PHASE_STRIP = NO;
				DEBUG_INFORMATION_FORMAT = dwarf;
				ENABLE_STRICT_OBJC_MSGSEND = YES;
				ENABLE_TESTABILITY = YES;
				GCC_C_LANGUAGE_STANDARD = gnu11;
				GCC_DYNAMIC_NO_PIC = NO;
				GCC_NO_COMMON_BLOCKS = YES;
				GCC_OPTIMIZATION_LEVEL = 0;
				GCC_PREPROCESSOR_DEFINITIONS = (
					"DEBUG=1",
					"$(inherited)",
				);
				GCC_WARN_64_TO_32_BIT_CONVERSION = YES;
				GCC_WARN_ABOUT_RETURN_TYPE = YES_ERROR;
				GCC_WARN_UNDECLARED_SELECTOR = YES;
				GCC_WARN_UNINITIALIZED_AUTOS = YES_AGGRESSIVE;
				GCC_WARN_UNUSED_FUNCTION = YES;
				GCC_WARN_UNUSED_VARIABLE = YES;
				IPHONEOS_DEPLOYMENT_TARGET = 13.1;
				MTL_ENABLE_DEBUG_INFO = INCLUDE_SOURCE;
				MTL_FAST_MATH = YES;
				ONLY_ACTIVE_ARCH = YES;
				SDKROOT = iphoneos;
				SWIFT_ACTIVE_COMPILATION_CONDITIONS = DEBUG;
				SWIFT_OPTIMIZATION_LEVEL = "-Onone";
			};
			name = Debug;
		};
		4B1092E62428C4D900AB9104 /* Release */ = {
			isa = XCBuildConfiguration;
			buildSettings = {
				ALWAYS_SEARCH_USER_PATHS = NO;
				CLANG_ANALYZER_NONNULL = YES;
				CLANG_ANALYZER_NUMBER_OBJECT_CONVERSION = YES_AGGRESSIVE;
				CLANG_CXX_LANGUAGE_STANDARD = "gnu++14";
				CLANG_CXX_LIBRARY = "libc++";
				CLANG_ENABLE_MODULES = YES;
				CLANG_ENABLE_OBJC_ARC = YES;
				CLANG_ENABLE_OBJC_WEAK = YES;
				CLANG_WARN_BLOCK_CAPTURE_AUTORELEASING = YES;
				CLANG_WARN_BOOL_CONVERSION = YES;
				CLANG_WARN_COMMA = YES;
				CLANG_WARN_CONSTANT_CONVERSION = YES;
				CLANG_WARN_DEPRECATED_OBJC_IMPLEMENTATIONS = YES;
				CLANG_WARN_DIRECT_OBJC_ISA_USAGE = YES_ERROR;
				CLANG_WARN_DOCUMENTATION_COMMENTS = YES;
				CLANG_WARN_EMPTY_BODY = YES;
				CLANG_WARN_ENUM_CONVERSION = YES;
				CLANG_WARN_INFINITE_RECURSION = YES;
				CLANG_WARN_INT_CONVERSION = YES;
				CLANG_WARN_NON_LITERAL_NULL_CONVERSION = YES;
				CLANG_WARN_OBJC_IMPLICIT_RETAIN_SELF = YES;
				CLANG_WARN_OBJC_LITERAL_CONVERSION = YES;
				CLANG_WARN_OBJC_ROOT_CLASS = YES_ERROR;
				CLANG_WARN_RANGE_LOOP_ANALYSIS = YES;
				CLANG_WARN_STRICT_PROTOTYPES = YES;
				CLANG_WARN_SUSPICIOUS_MOVE = YES;
				CLANG_WARN_UNGUARDED_AVAILABILITY = YES_AGGRESSIVE;
				CLANG_WARN_UNREACHABLE_CODE = YES;
				CLANG_WARN__DUPLICATE_METHOD_MATCH = YES;
				COPY_PHASE_STRIP = NO;
				DEBUG_INFORMATION_FORMAT = "dwarf-with-dsym";
				ENABLE_NS_ASSERTIONS = NO;
				ENABLE_STRICT_OBJC_MSGSEND = YES;
				GCC_C_LANGUAGE_STANDARD = gnu11;
				GCC_NO_COMMON_BLOCKS = YES;
				GCC_WARN_64_TO_32_BIT_CONVERSION = YES;
				GCC_WARN_ABOUT_RETURN_TYPE = YES_ERROR;
				GCC_WARN_UNDECLARED_SELECTOR = YES;
				GCC_WARN_UNINITIALIZED_AUTOS = YES_AGGRESSIVE;
				GCC_WARN_UNUSED_FUNCTION = YES;
				GCC_WARN_UNUSED_VARIABLE = YES;
				IPHONEOS_DEPLOYMENT_TARGET = 13.1;
				MTL_ENABLE_DEBUG_INFO = NO;
				MTL_FAST_MATH = YES;
				SDKROOT = iphoneos;
				SWIFT_COMPILATION_MODE = wholemodule;
				SWIFT_OPTIMIZATION_LEVEL = "-O";
				VALIDATE_PRODUCT = YES;
			};
			name = Release;
		};
		4B1092E82428C4D900AB9104 /* Debug */ = {
			isa = XCBuildConfiguration;
			baseConfigurationReference = D8B9A60F6561A504C5A6331A /* Pods-Instagram.debug.xcconfig */;
			buildSettings = {
				ASSETCATALOG_COMPILER_APPICON_NAME = AppIcon;
				CODE_SIGN_STYLE = Automatic;
				DEVELOPMENT_TEAM = 7DQXW9RJW5;
				INFOPLIST_FILE = Instagram/Info.plist;
				LD_RUNPATH_SEARCH_PATHS = (
					"$(inherited)",
					"@executable_path/Frameworks",
				);
				PRODUCT_BUNDLE_IDENTIFIER = saifa.libra.Instagram;
				PRODUCT_NAME = "$(TARGET_NAME)";
				SWIFT_VERSION = 5.0;
				TARGETED_DEVICE_FAMILY = 1;
			};
			name = Debug;
		};
		4B1092E92428C4D900AB9104 /* Release */ = {
			isa = XCBuildConfiguration;
			baseConfigurationReference = 52647810B1E05087142C524D /* Pods-Instagram.release.xcconfig */;
			buildSettings = {
				ASSETCATALOG_COMPILER_APPICON_NAME = AppIcon;
				CODE_SIGN_STYLE = Automatic;
				DEVELOPMENT_TEAM = 7DQXW9RJW5;
				INFOPLIST_FILE = Instagram/Info.plist;
				LD_RUNPATH_SEARCH_PATHS = (
					"$(inherited)",
					"@executable_path/Frameworks",
				);
				PRODUCT_BUNDLE_IDENTIFIER = saifa.libra.Instagram;
				PRODUCT_NAME = "$(TARGET_NAME)";
				SWIFT_VERSION = 5.0;
				TARGETED_DEVICE_FAMILY = 1;
			};
			name = Release;
		};
/* End XCBuildConfiguration section */

/* Begin XCConfigurationList section */
		4B1092CE2428C4D800AB9104 /* Build configuration list for PBXProject "Instagram" */ = {
			isa = XCConfigurationList;
			buildConfigurations = (
				4B1092E52428C4D900AB9104 /* Debug */,
				4B1092E62428C4D900AB9104 /* Release */,
			);
			defaultConfigurationIsVisible = 0;
			defaultConfigurationName = Release;
		};
		4B1092E72428C4D900AB9104 /* Build configuration list for PBXNativeTarget "Instagram" */ = {
			isa = XCConfigurationList;
			buildConfigurations = (
				4B1092E82428C4D900AB9104 /* Debug */,
				4B1092E92428C4D900AB9104 /* Release */,
			);
			defaultConfigurationIsVisible = 0;
			defaultConfigurationName = Release;
		};
/* End XCConfigurationList section */
	};
	rootObject = 4B1092CB2428C4D800AB9104 /* Project object */;
}
